{
  "lockfileVersion": 1,
  "configVersion": 1,
  "workspaces": {
    "": {
      "name": "quest-solver",
      "dependencies": {
        "recast-navigation": "^0.43.1",
      },
    },
  },
  "packages": {
    "@recast-navigation/core": ["@recast-navigation/core@0.43.1", "", { "dependencies": { "@recast-navigation/wasm": "0.43.1" } }, "sha512-4igfPgnoV90O92sDSIA0xHa6tanh3z/udlgGmD0SqGQ6PKV4JS2l9jWO8YnxfZuXP/NV52H4c5FU6pSdZc9WDA=="],

    "@recast-navigation/generators": ["@recast-navigation/generators@0.43.1", "", { "dependencies": { "@recast-navigation/core": "0.43.1", "@recast-navigation/wasm": "0.43.1" } }, "sha512-w7r6k/A93wWxuSN+Lg+PmlsUVXq06r5bqXmBglolxqDt2O/Y776BIhYtb6P2P6pbYqDWORu9NCZZJzfY4FNpaA=="],

    "@recast-navigation/wasm": ["@recast-navigation/wasm@0.43.1", "", {}, "sha512-XFL6PhO8JodwXUHBSAkfaLUdUEweIkJsdP3HTmtJvMs5fkqEWxWJmBskZlACHJepv55NAriqWxOtuLlG3t7+Hg=="],

    "recast-navigation": ["recast-navigation@0.43.1", "", { "dependencies": { "@recast-navigation/core": "0.43.1", "@recast-navigation/generators": "0.43.1" } }, "sha512-BVBQEHE6uqD36opJomVkI5TxMVZ8bBLdDn90mYtBUYJnNlqEuNFOL8DH8lLOksfVVaC+kjykYuS57P6MrxVB7A=="],
  }
}
